DEPENDENCIES
  mysql (= 6.1.3)
  nginx (= 2.7.6)
  php5-fpm (= 0.4.6)
  samplecompany-webserver
    path: .
    metadata: true

GRAPH
  7-zip (1.0.2)
    windows (>= 1.2.2)
  apt (2.9.2)
  bluepill (2.4.3)
    rsyslog (>= 2.0)
  build-essential (2.4.0)
    7-zip (>= 0.0.0)
  chef_handler (1.3.0)
  compat_resource (12.9.1)
  hostupgrade (0.1.3)
  mysql (6.1.3)
    smf (>= 0.0.0)
    yum-mysql-community (>= 0.0.0)
  nginx (2.7.6)
    apt (~> 2.2)
    bluepill (~> 2.3)
    build-essential (~> 2.0)
    ohai (~> 2.0)
    runit (~> 1.2)
    yum-epel (~> 0.3)
  ohai (2.1.0)
  packagecloud (0.2.0)
  php5-fpm (0.4.6)
    hostupgrade (>= 0.1.3)
  samplecompany-webserver (0.0.0)
    mysql (= 6.1.3)
    nginx (= 2.7.6)
    php5-fpm (= 0.4.6)
  rbac (1.0.3)
  rsyslog (4.0.0)
    compat_resource (>= 0.0.0)
  runit (1.7.6)
    packagecloud (>= 0.0.0)
  smf (2.2.8)
    rbac (>= 1.0.1)
  windows (1.40.0)
    chef_handler (>= 0.0.0)
  yum (3.10.0)
  yum-epel (0.7.0)
    yum (>= 3.6.3)
  yum-mysql-community (0.2.0)
    yum (>= 3.2)
